# Generated by buf. DO NOT EDIT.
version: v2
deps:
  - name: buf.build/aserto-dev/authorizer
    commit: 508618a94e214b9588d0e0422a594aea
    digest: b5:ccc16b789ced24aeb98d890cc13249e206b0e493f2fa17a6bbe97de716224b03002e3b89f73ad0d360c4e900c305ceaa82b0c1bc29c65399105989fcc37ab89e
  - name: buf.build/aserto-dev/directory
    commit: ec9a6bdced45498b94567a6b42ae0938
    digest: b5:2100198bef416c7feecbf7c7bc1626388930f368189fa763696396d9d8e9da6bdc1115f8227109baeae430b518fc9caf1ce2aea232fcde4ba9e6a99114a51a2e
  - name: buf.build/bufbuild/protovalidate
    commit: a6c49f84cc0f4e038680d390392e2ab0
    digest: b5:e968392e88ff7915adcbd1635d670b45bff8836ec2415d81fc559ca5470a695dbdc30030bad8bc5764647c731079e9e7bba0023ea25c4e4a1672a7d2561d4a19
  - name: buf.build/googleapis/googleapis
    commit: 2bbd25900cb34c79bae97d85c948d3cf
    digest: b5:3a12d858b0efcf53739b0fe6b4f83ccef246a0a26d257dc50a7d0d0794be3b6df941cf7e1dbf92f81c25ae60806132bf37b1af76a9311be8905f5da52c6a5f66
  - name: buf.build/grpc-ecosystem/grpc-gateway
    commit: a48fcebcf8f140dd9d09359b9bb185a4
    digest: b5:330af8a71b579ab96c4f3ee26929d1a68a5a9e986c7cfe0a898591fc514216bb6e723dc04c74d90fdee3f3f14f9100a54b4f079eb273e6e7213f0d5baca36ff8
